
Microsoft Visual Studio Solution File, Format Version 12.00
# Visual Studio Version 17
VisualStudioVersion = 17.10.34928.147
MinimumVisualStudioVersion = 10.0.40219.1
Project("{9A19103F-16F7-4668-BE54-9A1E7A4F7556}") = "LeapEventApi", "LeapEventApi.csproj", "{68E30556-2301-4188-A5FA-2E543B488C6F}"
EndProject
Global
	GlobalSection(SolutionConfigurationPlatforms) = preSolution
		Debug|Any CPU = Debug|Any CPU
		Release|Any CPU = Release|Any CPU
	EndGlobalSection
	GlobalSection(ProjectConfigurationPlatforms) = postSolution
		{68E30556-2301-4188-A5FA-2E543B488C6F}.Debug|Any CPU.ActiveCfg = Debug|Any CPU
		{68E30556-2301-4188-A5FA-2E543B488C6F}.Debug|Any CPU.Build.0 = Debug|Any CPU
		{68E30556-2301-4188-A5FA-2E543B488C6F}.Release|Any CPU.ActiveCfg = Release|Any CPU
		{68E30556-2301-4188-A5FA-2E543B488C6F}.Release|Any CPU.Build.0 = Release|Any CPU
	EndGlobalSection
	GlobalSection(SolutionProperties) = preSolution
		HideSolutionNode = FALSE
	EndGlobalSection
	GlobalSection(ExtensibilityGlobals) = postSolution
		SolutionGuid = {A5F24168-1E7C-47BF-A1FF-AEFD2EC1DF6F}
	EndGlobalSection
EndGlobal
