
Microsoft Visual Studio Solution File, Format Version 12.00
# Visual Studio Version 17
VisualStudioVersion = 17.10.34928.147
MinimumVisualStudioVersion = 10.0.40219.1
Project("{9A19103F-16F7-4668-BE54-9A1E7A4F7556}") = "LeapEventApi", "LeapEventApi.csproj", "{68E30556-2301-4188-A5FA-2E543B488C6F}"
EndProject
Project("{9A19103F-16F7-4668-BE54-9A1E7A4F7556}") = "LeapEventTest", "..\LeapEventTest\LeapEventTest.csproj", "{C722BE71-BBD5-4D35-803A-59D154080987}"
EndProject
Project("{E24C65DC-7377-472B-9ABA-BC803B73C61A}") = "LeapEventApp", "..\LeapEventApp\", "{52C4ADD0-2E42-4CB7-BC83-D93FF35FA995}"
	ProjectSection(WebsiteProperties) = preProject
		TargetFrameworkMoniker = ".NETFramework,Version%3Dv4.8"
		Debug.AspNetCompiler.VirtualPath = "/localhost_51190"
		Debug.AspNetCompiler.PhysicalPath = "..\LeapEventApp\"
		Debug.AspNetCompiler.TargetPath = "PrecompiledWeb\localhost_51190\"
		Debug.AspNetCompiler.Updateable = "true"
		Debug.AspNetCompiler.ForceOverwrite = "true"
		Debug.AspNetCompiler.FixedNames = "false"
		Debug.AspNetCompiler.Debug = "True"
		Release.AspNetCompiler.VirtualPath = "/localhost_51190"
		Release.AspNetCompiler.PhysicalPath = "..\LeapEventApp\"
		Release.AspNetCompiler.TargetPath = "PrecompiledWeb\localhost_51190\"
		Release.AspNetCompiler.Updateable = "true"
		Release.AspNetCompiler.ForceOverwrite = "true"
		Release.AspNetCompiler.FixedNames = "false"
		Release.AspNetCompiler.Debug = "False"
		VWDPort = "51190"
		SlnRelativePath = "..\LeapEventApp\"
	EndProjectSection
EndProject
Global
	GlobalSection(SolutionConfigurationPlatforms) = preSolution
		Debug|Any CPU = Debug|Any CPU
		Release|Any CPU = Release|Any CPU
	EndGlobalSection
	GlobalSection(ProjectConfigurationPlatforms) = postSolution
		{68E30556-2301-4188-A5FA-2E543B488C6F}.Debug|Any CPU.ActiveCfg = Debug|Any CPU
		{68E30556-2301-4188-A5FA-2E543B488C6F}.Debug|Any CPU.Build.0 = Debug|Any CPU
		{68E30556-2301-4188-A5FA-2E543B488C6F}.Release|Any CPU.ActiveCfg = Release|Any CPU
		{68E30556-2301-4188-A5FA-2E543B488C6F}.Release|Any CPU.Build.0 = Release|Any CPU
		{C722BE71-BBD5-4D35-803A-59D154080987}.Debug|Any CPU.ActiveCfg = Debug|Any CPU
		{C722BE71-BBD5-4D35-803A-59D154080987}.Debug|Any CPU.Build.0 = Debug|Any CPU
		{C722BE71-BBD5-4D35-803A-59D154080987}.Release|Any CPU.ActiveCfg = Release|Any CPU
		{C722BE71-BBD5-4D35-803A-59D154080987}.Release|Any CPU.Build.0 = Release|Any CPU
		{52C4ADD0-2E42-4CB7-BC83-D93FF35FA995}.Debug|Any CPU.ActiveCfg = Debug|Any CPU
		{52C4ADD0-2E42-4CB7-BC83-D93FF35FA995}.Debug|Any CPU.Build.0 = Debug|Any CPU
		{52C4ADD0-2E42-4CB7-BC83-D93FF35FA995}.Release|Any CPU.ActiveCfg = Debug|Any CPU
		{52C4ADD0-2E42-4CB7-BC83-D93FF35FA995}.Release|Any CPU.Build.0 = Debug|Any CPU
	EndGlobalSection
	GlobalSection(SolutionProperties) = preSolution
		HideSolutionNode = FALSE
	EndGlobalSection
	GlobalSection(ExtensibilityGlobals) = postSolution
		SolutionGuid = {A5F24168-1E7C-47BF-A1FF-AEFD2EC1DF6F}
	EndGlobalSection
EndGlobal
